{
  "name": "pianoTiles",
  "lockfileVersion": 2,
  "requires": true,
  "packages": {
    "": {
      "dependencies": {
        "audiobuffer-to-wav": "^1.0.0",
        "wav": "^1.0.2",
        "web-audio-beat-detector": "^8.2.3"
      }
    },
    "node_modules/@babel/runtime": {
      "version": "7.23.9",
      "resolved": "https://registry.npmjs.org/@babel/runtime/-/runtime-7.23.9.tgz",
      "integrity": "sha512-0CX6F+BI2s9dkUqr08KFrAIZgNFj75rdBU/DjCyYLIaV/quFjkk6T+EJ2LkZHyZTbEV4L5p97mNkUsHl2wLFAw==",
      "dependencies": {
        "regenerator-runtime": "^0.14.0"
      },
      "engines": {
        "node": ">=6.9.0"
      }
    },
    "node_modules/audiobuffer-to-wav": {
      "version": "1.0.0",
      "resolved": "https://registry.npmjs.org/audiobuffer-to-wav/-/audiobuffer-to-wav-1.0.0.tgz",
      "integrity": "sha512-CAoir4NRrAzAgYo20tEMiKZR84coE8bq/L+H2kwAaULVY4+0xySsEVtNT5raqpzmH6y0pqzY6EmoViLd9W8F/w=="
    },
    "node_modules/automation-events": {
      "version": "7.0.0",
      "resolved": "https://registry.npmjs.org/automation-events/-/automation-events-7.0.0.tgz",
      "integrity": "sha512-z2aGVy+pPbg3E619qRucLx5ZZqVFbcHCIF1vjx/0B3uQih5mUtuCtWEET+aYbG8Au12ikA5LTAhgoQJvGi3aWg==",
      "dependencies": {
        "@babel/runtime": "^7.23.9",
        "tslib": "^2.6.2"
      },
      "engines": {
        "node": ">=18.2.0"
      }
    },
    "node_modules/buffer-alloc": {
      "version": "1.2.0",
      "resolved": "https://registry.npmjs.org/buffer-alloc/-/buffer-alloc-1.2.0.tgz",
      "integrity": "sha512-CFsHQgjtW1UChdXgbyJGtnm+O/uLQeZdtbDo8mfUgYXCHSM1wgrVxXm6bSyrUuErEb+4sYVGCzASBRot7zyrow==",
      "dependencies": {
        "buffer-alloc-unsafe": "^1.1.0",
        "buffer-fill": "^1.0.0"
      }
    },
    "node_modules/buffer-alloc-unsafe": {
      "version": "1.1.0",
      "resolved": "https://registry.npmjs.org/buffer-alloc-unsafe/-/buffer-alloc-unsafe-1.1.0.tgz",
      "integrity": "sha512-TEM2iMIEQdJ2yjPJoSIsldnleVaAk1oW3DBVUykyOLsEsFmEc9kn+SFFPz+gl54KQNxlDnAwCXosOS9Okx2xAg=="
    },
    "node_modules/buffer-fill": {
      "version": "1.0.0",
      "resolved": "https://registry.npmjs.org/buffer-fill/-/buffer-fill-1.0.0.tgz",
      "integrity": "sha512-T7zexNBwiiaCOGDg9xNX9PBmjrubblRkENuptryuI64URkXDFum9il/JGL8Lm8wYfAXpredVXXZz7eMHilimiQ=="
    },
    "node_modules/buffer-from": {
      "version": "1.1.2",
      "resolved": "https://registry.npmjs.org/buffer-from/-/buffer-from-1.1.2.tgz",
      "integrity": "sha512-E+XQCRwSbaaiChtv6k6Dwgc+bx+Bs6vuKJHHl5kox/BaKbhiXzqQOwK4cO22yElGp2OCmjwVhT3HmxgyPGnJfQ=="
    },
    "node_modules/core-util-is": {
      "version": "1.0.3",
      "resolved": "https://registry.npmjs.org/core-util-is/-/core-util-is-1.0.3.tgz",
      "integrity": "sha512-ZQBvi1DcpJ4GDqanjucZ2Hj3wEO5pZDS89BWbkcrvdxksJorwUDDZamX9ldFkp9aw2lmBDLgkObEA4DWNJ9FYQ=="
    },
    "node_modules/debug": {
      "version": "2.6.9",
      "resolved": "https://registry.npmjs.org/debug/-/debug-2.6.9.tgz",
      "integrity": "sha512-bC7ElrdJaJnPbAP+1EotYvqZsb3ecl5wi6Bfi6BJTUcNowp6cvspg0jXznRTKDjm/E7AdgFBVeAPVMNcKGsHMA==",
      "dependencies": {
        "ms": "2.0.0"
      }
    },
    "node_modules/fast-unique-numbers": {
      "version": "8.0.13",
      "resolved": "https://registry.npmjs.org/fast-unique-numbers/-/fast-unique-numbers-8.0.13.tgz",
      "integrity": "sha512-7OnTFAVPefgw2eBJ1xj2PGGR9FwYzSUso9decayHgCDX4sJkHLdcsYTytTg+tYv+wKF3U8gJuSBz2jJpQV4u/g==",
      "dependencies": {
        "@babel/runtime": "^7.23.8",
        "tslib": "^2.6.2"
      },
      "engines": {
        "node": ">=16.1.0"
      }
    },
    "node_modules/inherits": {
      "version": "2.0.4",
      "resolved": "https://registry.npmjs.org/inherits/-/inherits-2.0.4.tgz",
      "integrity": "sha512-k/vGaX4/Yla3WzyMCvTQOXYeIHvqOKtnqBduzTHpzpQZzAskKMhZ2K+EnBiSM9zGSoIFeMpXKxa4dYeZIQqewQ=="
    },
    "node_modules/isarray": {
      "version": "0.0.1",
      "resolved": "https://registry.npmjs.org/isarray/-/isarray-0.0.1.tgz",
      "integrity": "sha512-D2S+3GLxWH+uhrNEcoh/fnmYeP8E8/zHl644d/jdA0g2uyXvy3sb0qxotE+ne0LtccHknQzWwZEzhak7oJ0COQ=="
    },
    "node_modules/ms": {
      "version": "2.0.0",
      "resolved": "https://registry.npmjs.org/ms/-/ms-2.0.0.tgz",
      "integrity": "sha512-Tpp60P6IUJDTuOq/5Z8cdskzJujfwqfOTkrwIwj7IRISpnkJnT6SyJ4PCPnGMoFjC9ddhal5KVIYtAt97ix05A=="
    },
    "node_modules/readable-stream": {
      "version": "1.1.14",
      "resolved": "https://registry.npmjs.org/readable-stream/-/readable-stream-1.1.14.tgz",
      "integrity": "sha512-+MeVjFf4L44XUkhM1eYbD8fyEsxcV81pqMSR5gblfcLCHfZvbrqy4/qYHE+/R5HoBUT11WV5O08Cr1n3YXkWVQ==",
      "dependencies": {
        "core-util-is": "~1.0.0",
        "inherits": "~2.0.1",
        "isarray": "0.0.1",
        "string_decoder": "~0.10.x"
      }
    },
    "node_modules/regenerator-runtime": {
      "version": "0.14.1",
      "resolved": "https://registry.npmjs.org/regenerator-runtime/-/regenerator-runtime-0.14.1.tgz",
      "integrity": "sha512-dYnhHh0nJoMfnkZs6GmmhFknAGRrLznOu5nc9ML+EJxGvrx6H7teuevqVqCuPcPK//3eDrrjQhehXVx9cnkGdw=="
    },
    "node_modules/standardized-audio-context": {
      "version": "25.3.64",
      "resolved": "https://registry.npmjs.org/standardized-audio-context/-/standardized-audio-context-25.3.64.tgz",
      "integrity": "sha512-yo4SvErg1MWIYsAJ+nX18gLTacffBQ0DaJWBqFI63jao9Ue2EOriad4FKM3xQlWc85NPHMm4pJ2XnvdTAN05iw==",
      "dependencies": {
        "@babel/runtime": "^7.23.9",
        "automation-events": "^7.0.0",
        "tslib": "^2.6.2"
      }
    },
    "node_modules/stream-parser": {
      "version": "0.3.1",
      "resolved": "https://registry.npmjs.org/stream-parser/-/stream-parser-0.3.1.tgz",
      "integrity": "sha512-bJ/HgKq41nlKvlhccD5kaCr/P+Hu0wPNKPJOH7en+YrJu/9EgqUF+88w5Jb6KNcjOFMhfX4B2asfeAtIGuHObQ==",
      "dependencies": {
        "debug": "2"
      }
    },
    "node_modules/string_decoder": {
      "version": "0.10.31",
      "resolved": "https://registry.npmjs.org/string_decoder/-/string_decoder-0.10.31.tgz",
      "integrity": "sha512-ev2QzSzWPYmy9GuqfIVildA4OdcGLeFZQrq5ys6RtiuF+RQQiZWr8TZNyAcuVXyQRYfEO+MsoB/1BuQVhOJuoQ=="
    },
    "node_modules/tslib": {
      "version": "2.6.2",
      "resolved": "https://registry.npmjs.org/tslib/-/tslib-2.6.2.tgz",
      "integrity": "sha512-AEYxH93jGFPn/a2iVAwW87VuUIkR1FVUKB77NwMF7nBTDkDrrT/Hpt/IrCJ0QXhW27jTBDcf5ZY7w6RiqTMw2Q=="
    },
    "node_modules/wav": {
      "version": "1.0.2",
      "resolved": "https://registry.npmjs.org/wav/-/wav-1.0.2.tgz",
      "integrity": "sha512-viHtz3cDd/Tcr/HbNqzQCofKdF6kWUymH9LGDdskfWFoIy/HJ+RTihgjEcHfnsy1PO4e9B+y4HwgTwMrByquhg==",
      "dependencies": {
        "buffer-alloc": "^1.1.0",
        "buffer-from": "^1.0.0",
        "debug": "^2.2.0",
        "readable-stream": "^1.1.14",
        "stream-parser": "^0.3.1"
      }
    },
    "node_modules/web-audio-beat-detector": {
      "version": "8.2.3",
      "resolved": "https://registry.npmjs.org/web-audio-beat-detector/-/web-audio-beat-detector-8.2.3.tgz",
      "integrity": "sha512-5oZfDwbvTVbR7EVZIaxf5S2rl8pH3FGfm2NtjJYWXxb63LsfSZEiVN125fj8IwejnsaHVDA6w/dZtgwi3Oc0zg==",
      "dependencies": {
        "@babel/runtime": "^7.23.8",
        "tslib": "^2.6.2",
        "web-audio-beat-detector-broker": "^4.1.2",
        "web-audio-beat-detector-worker": "^5.2.47"
      }
    },
    "node_modules/web-audio-beat-detector-broker": {
      "version": "4.1.2",
      "resolved": "https://registry.npmjs.org/web-audio-beat-detector-broker/-/web-audio-beat-detector-broker-4.1.2.tgz",
      "integrity": "sha512-PVLhT6z3Dpru4JqjIBOZaGMbCUClHLAXS8ps7+gxbCaB7FtD+2k4YWABhJjsLWY96MlG1sT7vRzzlcySV7lcwQ==",
      "dependencies": {
        "@babel/runtime": "^7.23.8",
        "fast-unique-numbers": "^8.0.13",
        "standardized-audio-context": "^25.3.63",
        "tslib": "^2.6.2",
        "web-audio-beat-detector-worker": "^5.2.47"
      }
    },
    "node_modules/web-audio-beat-detector-worker": {
      "version": "5.2.47",
      "resolved": "https://registry.npmjs.org/web-audio-beat-detector-worker/-/web-audio-beat-detector-worker-5.2.47.tgz",
      "integrity": "sha512-MTVKgPjM3pKyEAm6N1jFl1oB61lEn8HsGVySSQ8vpJ389lF0M/VCvC86HLUTGnJNG4m0scRcTEuSVo2xRSZo6g==",
      "dependencies": {
        "@babel/runtime": "^7.23.8",
        "tslib": "^2.6.2"
      }
    }
  },
  "dependencies": {
    "@babel/runtime": {
      "version": "7.23.9",
      "resolved": "https://registry.npmjs.org/@babel/runtime/-/runtime-7.23.9.tgz",
      "integrity": "sha512-0CX6F+BI2s9dkUqr08KFrAIZgNFj75rdBU/DjCyYLIaV/quFjkk6T+EJ2LkZHyZTbEV4L5p97mNkUsHl2wLFAw==",
      "requires": {
        "regenerator-runtime": "^0.14.0"
      }
    },
    "audiobuffer-to-wav": {
      "version": "1.0.0",
      "resolved": "https://registry.npmjs.org/audiobuffer-to-wav/-/audiobuffer-to-wav-1.0.0.tgz",
      "integrity": "sha512-CAoir4NRrAzAgYo20tEMiKZR84coE8bq/L+H2kwAaULVY4+0xySsEVtNT5raqpzmH6y0pqzY6EmoViLd9W8F/w=="
    },
    "automation-events": {
      "version": "7.0.0",
      "resolved": "https://registry.npmjs.org/automation-events/-/automation-events-7.0.0.tgz",
      "integrity": "sha512-z2aGVy+pPbg3E619qRucLx5ZZqVFbcHCIF1vjx/0B3uQih5mUtuCtWEET+aYbG8Au12ikA5LTAhgoQJvGi3aWg==",
      "requires": {
        "@babel/runtime": "^7.23.9",
        "tslib": "^2.6.2"
      }
    },
    "buffer-alloc": {
      "version": "1.2.0",
      "resolved": "https://registry.npmjs.org/buffer-alloc/-/buffer-alloc-1.2.0.tgz",
      "integrity": "sha512-CFsHQgjtW1UChdXgbyJGtnm+O/uLQeZdtbDo8mfUgYXCHSM1wgrVxXm6bSyrUuErEb+4sYVGCzASBRot7zyrow==",
      "requires": {
        "buffer-alloc-unsafe": "^1.1.0",
        "buffer-fill": "^1.0.0"
      }
    },
    "buffer-alloc-unsafe": {
      "version": "1.1.0",
      "resolved": "https://registry.npmjs.org/buffer-alloc-unsafe/-/buffer-alloc-unsafe-1.1.0.tgz",
      "integrity": "sha512-TEM2iMIEQdJ2yjPJoSIsldnleVaAk1oW3DBVUykyOLsEsFmEc9kn+SFFPz+gl54KQNxlDnAwCXosOS9Okx2xAg=="
    },
    "buffer-fill": {
      "version": "1.0.0",
      "resolved": "https://registry.npmjs.org/buffer-fill/-/buffer-fill-1.0.0.tgz",
      "integrity": "sha512-T7zexNBwiiaCOGDg9xNX9PBmjrubblRkENuptryuI64URkXDFum9il/JGL8Lm8wYfAXpredVXXZz7eMHilimiQ=="
    },
    "buffer-from": {
      "version": "1.1.2",
      "resolved": "https://registry.npmjs.org/buffer-from/-/buffer-from-1.1.2.tgz",
      "integrity": "sha512-E+XQCRwSbaaiChtv6k6Dwgc+bx+Bs6vuKJHHl5kox/BaKbhiXzqQOwK4cO22yElGp2OCmjwVhT3HmxgyPGnJfQ=="
    },
    "core-util-is": {
      "version": "1.0.3",
      "resolved": "https://registry.npmjs.org/core-util-is/-/core-util-is-1.0.3.tgz",
      "integrity": "sha512-ZQBvi1DcpJ4GDqanjucZ2Hj3wEO5pZDS89BWbkcrvdxksJorwUDDZamX9ldFkp9aw2lmBDLgkObEA4DWNJ9FYQ=="
    },
    "debug": {
      "version": "2.6.9",
      "resolved": "https://registry.npmjs.org/debug/-/debug-2.6.9.tgz",
      "integrity": "sha512-bC7ElrdJaJnPbAP+1EotYvqZsb3ecl5wi6Bfi6BJTUcNowp6cvspg0jXznRTKDjm/E7AdgFBVeAPVMNcKGsHMA==",
      "requires": {
        "ms": "2.0.0"
      }
    },
    "fast-unique-numbers": {
      "version": "8.0.13",
      "resolved": "https://registry.npmjs.org/fast-unique-numbers/-/fast-unique-numbers-8.0.13.tgz",
      "integrity": "sha512-7OnTFAVPefgw2eBJ1xj2PGGR9FwYzSUso9decayHgCDX4sJkHLdcsYTytTg+tYv+wKF3U8gJuSBz2jJpQV4u/g==",
      "requires": {
        "@babel/runtime": "^7.23.8",
        "tslib": "^2.6.2"
      }
    },
    "inherits": {
      "version": "2.0.4",
      "resolved": "https://registry.npmjs.org/inherits/-/inherits-2.0.4.tgz",
      "integrity": "sha512-k/vGaX4/Yla3WzyMCvTQOXYeIHvqOKtnqBduzTHpzpQZzAskKMhZ2K+EnBiSM9zGSoIFeMpXKxa4dYeZIQqewQ=="
    },
    "isarray": {
      "version": "0.0.1",
      "resolved": "https://registry.npmjs.org/isarray/-/isarray-0.0.1.tgz",
      "integrity": "sha512-D2S+3GLxWH+uhrNEcoh/fnmYeP8E8/zHl644d/jdA0g2uyXvy3sb0qxotE+ne0LtccHknQzWwZEzhak7oJ0COQ=="
    },
    "ms": {
      "version": "2.0.0",
      "resolved": "https://registry.npmjs.org/ms/-/ms-2.0.0.tgz",
      "integrity": "sha512-Tpp60P6IUJDTuOq/5Z8cdskzJujfwqfOTkrwIwj7IRISpnkJnT6SyJ4PCPnGMoFjC9ddhal5KVIYtAt97ix05A=="
    },
    "readable-stream": {
      "version": "1.1.14",
      "resolved": "https://registry.npmjs.org/readable-stream/-/readable-stream-1.1.14.tgz",
      "integrity": "sha512-+MeVjFf4L44XUkhM1eYbD8fyEsxcV81pqMSR5gblfcLCHfZvbrqy4/qYHE+/R5HoBUT11WV5O08Cr1n3YXkWVQ==",
      "requires": {
        "core-util-is": "~1.0.0",
        "inherits": "~2.0.1",
        "isarray": "0.0.1",
        "string_decoder": "~0.10.x"
      }
    },
    "regenerator-runtime": {
      "version": "0.14.1",
      "resolved": "https://registry.npmjs.org/regenerator-runtime/-/regenerator-runtime-0.14.1.tgz",
      "integrity": "sha512-dYnhHh0nJoMfnkZs6GmmhFknAGRrLznOu5nc9ML+EJxGvrx6H7teuevqVqCuPcPK//3eDrrjQhehXVx9cnkGdw=="
    },
    "standardized-audio-context": {
      "version": "25.3.64",
      "resolved": "https://registry.npmjs.org/standardized-audio-context/-/standardized-audio-context-25.3.64.tgz",
      "integrity": "sha512-yo4SvErg1MWIYsAJ+nX18gLTacffBQ0DaJWBqFI63jao9Ue2EOriad4FKM3xQlWc85NPHMm4pJ2XnvdTAN05iw==",
      "requires": {
        "@babel/runtime": "^7.23.9",
        "automation-events": "^7.0.0",
        "tslib": "^2.6.2"
      }
    },
    "stream-parser": {
      "version": "0.3.1",
      "resolved": "https://registry.npmjs.org/stream-parser/-/stream-parser-0.3.1.tgz",
      "integrity": "sha512-bJ/HgKq41nlKvlhccD5kaCr/P+Hu0wPNKPJOH7en+YrJu/9EgqUF+88w5Jb6KNcjOFMhfX4B2asfeAtIGuHObQ==",
      "requires": {
        "debug": "2"
      }
    },
    "string_decoder": {
      "version": "0.10.31",
      "resolved": "https://registry.npmjs.org/string_decoder/-/string_decoder-0.10.31.tgz",
      "integrity": "sha512-ev2QzSzWPYmy9GuqfIVildA4OdcGLeFZQrq5ys6RtiuF+RQQiZWr8TZNyAcuVXyQRYfEO+MsoB/1BuQVhOJuoQ=="
    },
    "tslib": {
      "version": "2.6.2",
      "resolved": "https://registry.npmjs.org/tslib/-/tslib-2.6.2.tgz",
      "integrity": "sha512-AEYxH93jGFPn/a2iVAwW87VuUIkR1FVUKB77NwMF7nBTDkDrrT/Hpt/IrCJ0QXhW27jTBDcf5ZY7w6RiqTMw2Q=="
    },
    "wav": {
      "version": "1.0.2",
      "resolved": "https://registry.npmjs.org/wav/-/wav-1.0.2.tgz",
      "integrity": "sha512-viHtz3cDd/Tcr/HbNqzQCofKdF6kWUymH9LGDdskfWFoIy/HJ+RTihgjEcHfnsy1PO4e9B+y4HwgTwMrByquhg==",
      "requires": {
        "buffer-alloc": "^1.1.0",
        "buffer-from": "^1.0.0",
        "debug": "^2.2.0",
        "readable-stream": "^1.1.14",
        "stream-parser": "^0.3.1"
      }
    },
    "web-audio-beat-detector": {
      "version": "8.2.3",
      "resolved": "https://registry.npmjs.org/web-audio-beat-detector/-/web-audio-beat-detector-8.2.3.tgz",
      "integrity": "sha512-5oZfDwbvTVbR7EVZIaxf5S2rl8pH3FGfm2NtjJYWXxb63LsfSZEiVN125fj8IwejnsaHVDA6w/dZtgwi3Oc0zg==",
      "requires": {
        "@babel/runtime": "^7.23.8",
        "tslib": "^2.6.2",
        "web-audio-beat-detector-broker": "^4.1.2",
        "web-audio-beat-detector-worker": "^5.2.47"
      }
    },
    "web-audio-beat-detector-broker": {
      "version": "4.1.2",
      "resolved": "https://registry.npmjs.org/web-audio-beat-detector-broker/-/web-audio-beat-detector-broker-4.1.2.tgz",
      "integrity": "sha512-PVLhT6z3Dpru4JqjIBOZaGMbCUClHLAXS8ps7+gxbCaB7FtD+2k4YWABhJjsLWY96MlG1sT7vRzzlcySV7lcwQ==",
      "requires": {
        "@babel/runtime": "^7.23.8",
        "fast-unique-numbers": "^8.0.13",
        "standardized-audio-context": "^25.3.63",
        "tslib": "^2.6.2",
        "web-audio-beat-detector-worker": "^5.2.47"
      }
    },
    "web-audio-beat-detector-worker": {
      "version": "5.2.47",
      "resolved": "https://registry.npmjs.org/web-audio-beat-detector-worker/-/web-audio-beat-detector-worker-5.2.47.tgz",
      "integrity": "sha512-MTVKgPjM3pKyEAm6N1jFl1oB61lEn8HsGVySSQ8vpJ389lF0M/VCvC86HLUTGnJNG4m0scRcTEuSVo2xRSZo6g==",
      "requires": {
        "@babel/runtime": "^7.23.8",
        "tslib": "^2.6.2"
      }
    }
  }
}
